#include <iostream> 
#include <cmath> 
#include <limits> 
using namespace std; 
 
bool roots(long double a, long double b, long double c) { 
 return b * b - 4 * a * c > 1e-10; 
} 
 
int main() { 
 long double a, b, c, x1, x2; 
 cout << "Enter a, b, c: "; 
 cin >> a >> b >> c; 
 
 if (b == 0 && c != 0) { 
 cout << "No" << endl; 
 return 0; 
 } 
 long double d = b * b - 4 * a * c; 
 cout << roots(a, b, c) << endl;; 
 if (!roots(a, b, c)) { 
 cout << "No valid roots" << endl; 
 return 0; 
 } 
 if (abs(d) < 1e-10) { 
 x1 = x2 = -b / (2 * a); 
 } 
 else { 
 x1 = (-b + sqrt(d)) / (2 * a); 
 x2 = (-b - sqrt(d)) / (2 * a); 
 } 
 cout << endl << "x1 = " << x1 << endl; 
 cout << "x2 = " << x2 << endl; 
}
